
Microsoft Visual Studio Solution File, Format Version 12.00
# Visual Studio Version 16
VisualStudioVersion = 16.0.31515.178
MinimumVisualStudioVersion = 10.0.40219.1
Project("{FAE04EC0-301F-11D3-BF4B-00C04F79EFBC}") = "BaileyGann.AdventureGame.ConsoleHost", "BaileyGann.AdventureGame.ConsoleHost\BaileyGann.AdventureGame.ConsoleHost.csproj", "{42CAE1AE-B4D2-4C6E-B6CA-E3CC25937642}"
EndProject
Project("{FAE04EC0-301F-11D3-BF4B-00C04F79EFBC}") = "BaileyGann.AdventureGame", "BaileyGann.AdventureGame\BaileyGann.AdventureGame.csproj", "{459C7682-2714-4811-9DB3-C174825B2461}"
EndProject
Global
	GlobalSection(SolutionConfigurationPlatforms) = preSolution
		Debug|Any CPU = Debug|Any CPU
		Release|Any CPU = Release|Any CPU
	EndGlobalSection
	GlobalSection(ProjectConfigurationPlatforms) = postSolution
		{42CAE1AE-B4D2-4C6E-B6CA-E3CC25937642}.Debug|Any CPU.ActiveCfg = Debug|Any CPU
		{42CAE1AE-B4D2-4C6E-B6CA-E3CC25937642}.Debug|Any CPU.Build.0 = Debug|Any CPU
		{42CAE1AE-B4D2-4C6E-B6CA-E3CC25937642}.Release|Any CPU.ActiveCfg = Release|Any CPU
		{42CAE1AE-B4D2-4C6E-B6CA-E3CC25937642}.Release|Any CPU.Build.0 = Release|Any CPU
		{459C7682-2714-4811-9DB3-C174825B2461}.Debug|Any CPU.ActiveCfg = Debug|Any CPU
		{459C7682-2714-4811-9DB3-C174825B2461}.Debug|Any CPU.Build.0 = Debug|Any CPU
		{459C7682-2714-4811-9DB3-C174825B2461}.Release|Any CPU.ActiveCfg = Release|Any CPU
		{459C7682-2714-4811-9DB3-C174825B2461}.Release|Any CPU.Build.0 = Release|Any CPU
	EndGlobalSection
	GlobalSection(SolutionProperties) = preSolution
		HideSolutionNode = FALSE
	EndGlobalSection
	GlobalSection(ExtensibilityGlobals) = postSolution
		SolutionGuid = {69FCD56A-C89B-4B99-B134-D264662B35AC}
	EndGlobalSection
EndGlobal
