
Microsoft Visual Studio Solution File, Format Version 12.00
# Visual Studio Version 16
VisualStudioVersion = 16.0.31515.178
MinimumVisualStudioVersion = 10.0.40219.1
Project("{9A19103F-16F7-4668-BE54-9A1E7A4F7556}") = "BaileyGann.AdventureGame", "BaileyGann.AdventureGame\BaileyGann.AdventureGame.csproj", "{60A45514-C2F2-47FF-B859-89294FBD0EC2}"
EndProject
Project("{9A19103F-16F7-4668-BE54-9A1E7A4F7556}") = "BaileyGann.AdventureGame.WinHost", "BaileyGann.AdventureGame.WinHost\BaileyGann.AdventureGame.WinHost.csproj", "{9A2AEFFE-BAD4-4CD6-B240-D59F25B5CB8D}"
EndProject
Global
	GlobalSection(SolutionConfigurationPlatforms) = preSolution
		Debug|Any CPU = Debug|Any CPU
		Release|Any CPU = Release|Any CPU
	EndGlobalSection
	GlobalSection(ProjectConfigurationPlatforms) = postSolution
		{60A45514-C2F2-47FF-B859-89294FBD0EC2}.Debug|Any CPU.ActiveCfg = Debug|Any CPU
		{60A45514-C2F2-47FF-B859-89294FBD0EC2}.Debug|Any CPU.Build.0 = Debug|Any CPU
		{60A45514-C2F2-47FF-B859-89294FBD0EC2}.Release|Any CPU.ActiveCfg = Release|Any CPU
		{60A45514-C2F2-47FF-B859-89294FBD0EC2}.Release|Any CPU.Build.0 = Release|Any CPU
		{9A2AEFFE-BAD4-4CD6-B240-D59F25B5CB8D}.Debug|Any CPU.ActiveCfg = Debug|Any CPU
		{9A2AEFFE-BAD4-4CD6-B240-D59F25B5CB8D}.Debug|Any CPU.Build.0 = Debug|Any CPU
		{9A2AEFFE-BAD4-4CD6-B240-D59F25B5CB8D}.Release|Any CPU.ActiveCfg = Release|Any CPU
		{9A2AEFFE-BAD4-4CD6-B240-D59F25B5CB8D}.Release|Any CPU.Build.0 = Release|Any CPU
	EndGlobalSection
	GlobalSection(SolutionProperties) = preSolution
		HideSolutionNode = FALSE
	EndGlobalSection
	GlobalSection(ExtensibilityGlobals) = postSolution
		SolutionGuid = {D15EE482-68A0-4BF0-80F6-8B9E646516D0}
	EndGlobalSection
EndGlobal
